
Microsoft Visual Studio Solution File, Format Version 12.00
# Visual Studio 2013
VisualStudioVersion = 12.0.40629.0
MinimumVisualStudioVersion = 10.0.40219.1
Project("{FAE04EC0-301F-11D3-BF4B-00C04F79EFBC}") = "CrackingCode", "CrackingCode\CrackingCode.csproj", "{BADFA2BE-9C2A-4E55-B599-5CD0D3904C5A}"
EndProject
Project("{2150E333-8FDC-42A3-9474-1A3956D46DE8}") = ".nuget", ".nuget", "{48E2FC13-1849-4777-9BCD-F8BEABC13059}"
	ProjectSection(SolutionItems) = preProject
		.nuget\packages.config = .nuget\packages.config
	EndProjectSection
EndProject
Project("{FAE04EC0-301F-11D3-BF4B-00C04F79EFBC}") = "UnitTestCrackingCode", "UnitTestCrackingCode\UnitTestCrackingCode.csproj", "{5F59CD1F-B960-427B-BC6F-20C22820938E}"
EndProject
Global
	GlobalSection(SolutionConfigurationPlatforms) = preSolution
		Debug|Any CPU = Debug|Any CPU
		Release|Any CPU = Release|Any CPU
	EndGlobalSection
	GlobalSection(ProjectConfigurationPlatforms) = postSolution
		{BADFA2BE-9C2A-4E55-B599-5CD0D3904C5A}.Debug|Any CPU.ActiveCfg = Debug|Any CPU
		{BADFA2BE-9C2A-4E55-B599-5CD0D3904C5A}.Debug|Any CPU.Build.0 = Debug|Any CPU
		{BADFA2BE-9C2A-4E55-B599-5CD0D3904C5A}.Release|Any CPU.ActiveCfg = Release|Any CPU
		{BADFA2BE-9C2A-4E55-B599-5CD0D3904C5A}.Release|Any CPU.Build.0 = Release|Any CPU
		{5F59CD1F-B960-427B-BC6F-20C22820938E}.Debug|Any CPU.ActiveCfg = Debug|Any CPU
		{5F59CD1F-B960-427B-BC6F-20C22820938E}.Debug|Any CPU.Build.0 = Debug|Any CPU
		{5F59CD1F-B960-427B-BC6F-20C22820938E}.Release|Any CPU.ActiveCfg = Release|Any CPU
		{5F59CD1F-B960-427B-BC6F-20C22820938E}.Release|Any CPU.Build.0 = Release|Any CPU
	EndGlobalSection
	GlobalSection(SolutionProperties) = preSolution
		HideSolutionNode = FALSE
	EndGlobalSection
EndGlobal
